github.com/marmotedu/errors v1.0.2 h1:qx9GtOljmAL+wLuemahe3WSWdXyEpJvLBlpXK8y2rdI=
github.com/marmotedu/errors v1.0.2/go.mod h1:xNqbJJRD50/RGSjbfqF01CTLegWK+gtRgeJ6ExVzQQ8=
github.com/pkg/errors v0.9.1 h1:FEBLx1zS214owpjy7qsBeixbURkuhQAwrK5UwLGTwt4=
github.com/pkg/errors v0.9.1/go.mod h1:bwawxfHBFNV+L2hUp1rHADufV3IMtnDRdf1r5NINEl0=
